
Microsoft Visual Studio Solution File, Format Version 12.00
# Visual Studio 15
VisualStudioVersion = 15.0.28010.2026
MinimumVisualStudioVersion = 10.0.40219.1
Project("{FAE04EC0-301F-11D3-BF4B-00C04F79EFBC}") = "Local.Sample.Android", "Local.Sample\Local.Sample.Android\Local.Sample.Android.csproj", "{6622A4FC-B192-49F6-A4FE-D6C28CFC0888}"
EndProject
Project("{FAE04EC0-301F-11D3-BF4B-00C04F79EFBC}") = "Local.Sample.iOS", "Local.Sample\Local.Sample.iOS\Local.Sample.iOS.csproj", "{B55C5577-4EEA-4234-9280-47B38B4232E6}"
EndProject
Project("{FAE04EC0-301F-11D3-BF4B-00C04F79EFBC}") = "Local.Sample", "Local.Sample\Local.Sample\Local.Sample.csproj", "{5901FF68-E910-41AA-843E-318252E299B8}"
EndProject
Global
	GlobalSection(SolutionConfigurationPlatforms) = preSolution
		Ad-Hoc|Any CPU = Ad-Hoc|Any CPU
		Ad-Hoc|iPhone = Ad-Hoc|iPhone
		Ad-Hoc|iPhoneSimulator = Ad-Hoc|iPhoneSimulator
		AppStore|Any CPU = AppStore|Any CPU
		AppStore|iPhone = AppStore|iPhone
		AppStore|iPhoneSimulator = AppStore|iPhoneSimulator
		Debug|Any CPU = Debug|Any CPU
		Debug|iPhone = Debug|iPhone
		Debug|iPhoneSimulator = Debug|iPhoneSimulator
		Release|Any CPU = Release|Any CPU
		Release|iPhone = Release|iPhone
		Release|iPhoneSimulator = Release|iPhoneSimulator
	EndGlobalSection
	GlobalSection(ProjectConfigurationPlatforms) = postSolution
		{6622A4FC-B192-49F6-A4FE-D6C28CFC0888}.Ad-Hoc|Any CPU.ActiveCfg = Release|Any CPU
		{6622A4FC-B192-49F6-A4FE-D6C28CFC0888}.Ad-Hoc|Any CPU.Build.0 = Release|Any CPU
		{6622A4FC-B192-49F6-A4FE-D6C28CFC0888}.Ad-Hoc|Any CPU.Deploy.0 = Release|Any CPU
		{6622A4FC-B192-49F6-A4FE-D6C28CFC0888}.Ad-Hoc|iPhone.ActiveCfg = Release|Any CPU
		{6622A4FC-B192-49F6-A4FE-D6C28CFC0888}.Ad-Hoc|iPhone.Build.0 = Release|Any CPU
		{6622A4FC-B192-49F6-A4FE-D6C28CFC0888}.Ad-Hoc|iPhone.Deploy.0 = Release|Any CPU
		{6622A4FC-B192-49F6-A4FE-D6C28CFC0888}.Ad-Hoc|iPhoneSimulator.ActiveCfg = Release|Any CPU
		{6622A4FC-B192-49F6-A4FE-D6C28CFC0888}.Ad-Hoc|iPhoneSimulator.Build.0 = Release|Any CPU
		{6622A4FC-B192-49F6-A4FE-D6C28CFC0888}.Ad-Hoc|iPhoneSimulator.Deploy.0 = Release|Any CPU
		{6622A4FC-B192-49F6-A4FE-D6C28CFC0888}.AppStore|Any CPU.ActiveCfg = Release|Any CPU
		{6622A4FC-B192-49F6-A4FE-D6C28CFC0888}.AppStore|Any CPU.Build.0 = Release|Any CPU
		{6622A4FC-B192-49F6-A4FE-D6C28CFC0888}.AppStore|Any CPU.Deploy.0 = Release|Any CPU
		{6622A4FC-B192-49F6-A4FE-D6C28CFC0888}.AppStore|iPhone.ActiveCfg = Release|Any CPU
		{6622A4FC-B192-49F6-A4FE-D6C28CFC0888}.AppStore|iPhone.Build.0 = Release|Any CPU
		{6622A4FC-B192-49F6-A4FE-D6C28CFC0888}.AppStore|iPhone.Deploy.0 = Release|Any CPU
		{6622A4FC-B192-49F6-A4FE-D6C28CFC0888}.AppStore|iPhoneSimulator.ActiveCfg = Release|Any CPU
		{6622A4FC-B192-49F6-A4FE-D6C28CFC0888}.AppStore|iPhoneSimulator.Build.0 = Release|Any CPU
		{6622A4FC-B192-49F6-A4FE-D6C28CFC0888}.AppStore|iPhoneSimulator.Deploy.0 = Release|Any CPU
		{6622A4FC-B192-49F6-A4FE-D6C28CFC0888}.Debug|Any CPU.ActiveCfg = Debug|Any CPU
		{6622A4FC-B192-49F6-A4FE-D6C28CFC0888}.Debug|Any CPU.Build.0 = Debug|Any CPU
		{6622A4FC-B192-49F6-A4FE-D6C28CFC0888}.Debug|Any CPU.Deploy.0 = Debug|Any CPU
		{6622A4FC-B192-49F6-A4FE-D6C28CFC0888}.Debug|iPhone.ActiveCfg = Debug|Any CPU
		{6622A4FC-B192-49F6-A4FE-D6C28CFC0888}.Debug|iPhone.Build.0 = Debug|Any CPU
		{6622A4FC-B192-49F6-A4FE-D6C28CFC0888}.Debug|iPhone.Deploy.0 = Debug|Any CPU
		{6622A4FC-B192-49F6-A4FE-D6C28CFC0888}.Debug|iPhoneSimulator.ActiveCfg = Debug|Any CPU
		{6622A4FC-B192-49F6-A4FE-D6C28CFC0888}.Debug|iPhoneSimulator.Build.0 = Debug|Any CPU
		{6622A4FC-B192-49F6-A4FE-D6C28CFC0888}.Debug|iPhoneSimulator.Deploy.0 = Debug|Any CPU
		{6622A4FC-B192-49F6-A4FE-D6C28CFC0888}.Release|Any CPU.ActiveCfg = Release|Any CPU
		{6622A4FC-B192-49F6-A4FE-D6C28CFC0888}.Release|Any CPU.Build.0 = Release|Any CPU
		{6622A4FC-B192-49F6-A4FE-D6C28CFC0888}.Release|Any CPU.Deploy.0 = Release|Any CPU
		{6622A4FC-B192-49F6-A4FE-D6C28CFC0888}.Release|iPhone.ActiveCfg = Release|Any CPU
		{6622A4FC-B192-49F6-A4FE-D6C28CFC0888}.Release|iPhone.Build.0 = Release|Any CPU
		{6622A4FC-B192-49F6-A4FE-D6C28CFC0888}.Release|iPhone.Deploy.0 = Release|Any CPU
		{6622A4FC-B192-49F6-A4FE-D6C28CFC0888}.Release|iPhoneSimulator.ActiveCfg = Release|Any CPU
		{6622A4FC-B192-49F6-A4FE-D6C28CFC0888}.Release|iPhoneSimulator.Build.0 = Release|Any CPU
		{6622A4FC-B192-49F6-A4FE-D6C28CFC0888}.Release|iPhoneSimulator.Deploy.0 = Release|Any CPU
		{B55C5577-4EEA-4234-9280-47B38B4232E6}.Ad-Hoc|Any CPU.ActiveCfg = Ad-Hoc|iPhone
		{B55C5577-4EEA-4234-9280-47B38B4232E6}.Ad-Hoc|Any CPU.Build.0 = Ad-Hoc|iPhone
		{B55C5577-4EEA-4234-9280-47B38B4232E6}.Ad-Hoc|Any CPU.Deploy.0 = Ad-Hoc|iPhone
		{B55C5577-4EEA-4234-9280-47B38B4232E6}.Ad-Hoc|iPhone.ActiveCfg = Ad-Hoc|iPhone
		{B55C5577-4EEA-4234-9280-47B38B4232E6}.Ad-Hoc|iPhone.Build.0 = Ad-Hoc|iPhone
		{B55C5577-4EEA-4234-9280-47B38B4232E6}.Ad-Hoc|iPhone.Deploy.0 = Ad-Hoc|iPhone
		{B55C5577-4EEA-4234-9280-47B38B4232E6}.Ad-Hoc|iPhoneSimulator.ActiveCfg = Ad-Hoc|iPhoneSimulator
		{B55C5577-4EEA-4234-9280-47B38B4232E6}.Ad-Hoc|iPhoneSimulator.Build.0 = Ad-Hoc|iPhoneSimulator
		{B55C5577-4EEA-4234-9280-47B38B4232E6}.Ad-Hoc|iPhoneSimulator.Deploy.0 = Ad-Hoc|iPhoneSimulator
		{B55C5577-4EEA-4234-9280-47B38B4232E6}.AppStore|Any CPU.ActiveCfg = AppStore|iPhone
		{B55C5577-4EEA-4234-9280-47B38B4232E6}.AppStore|Any CPU.Build.0 = AppStore|iPhone
		{B55C5577-4EEA-4234-9280-47B38B4232E6}.AppStore|Any CPU.Deploy.0 = AppStore|iPhone
		{B55C5577-4EEA-4234-9280-47B38B4232E6}.AppStore|iPhone.ActiveCfg = AppStore|iPhone
		{B55C5577-4EEA-4234-9280-47B38B4232E6}.AppStore|iPhone.Build.0 = AppStore|iPhone
		{B55C5577-4EEA-4234-9280-47B38B4232E6}.AppStore|iPhone.Deploy.0 = AppStore|iPhone
		{B55C5577-4EEA-4234-9280-47B38B4232E6}.AppStore|iPhoneSimulator.ActiveCfg = AppStore|iPhoneSimulator
		{B55C5577-4EEA-4234-9280-47B38B4232E6}.AppStore|iPhoneSimulator.Build.0 = AppStore|iPhoneSimulator
		{B55C5577-4EEA-4234-9280-47B38B4232E6}.AppStore|iPhoneSimulator.Deploy.0 = AppStore|iPhoneSimulator
		{B55C5577-4EEA-4234-9280-47B38B4232E6}.Debug|Any CPU.ActiveCfg = Debug|iPhoneSimulator
		{B55C5577-4EEA-4234-9280-47B38B4232E6}.Debug|Any CPU.Build.0 = Debug|iPhoneSimulator
		{B55C5577-4EEA-4234-9280-47B38B4232E6}.Debug|Any CPU.Deploy.0 = Debug|iPhoneSimulator
		{B55C5577-4EEA-4234-9280-47B38B4232E6}.Debug|iPhone.ActiveCfg = Debug|iPhone
		{B55C5577-4EEA-4234-9280-47B38B4232E6}.Debug|iPhone.Build.0 = Debug|iPhone
		{B55C5577-4EEA-4234-9280-47B38B4232E6}.Debug|iPhone.Deploy.0 = Debug|iPhone
		{B55C5577-4EEA-4234-9280-47B38B4232E6}.Debug|iPhoneSimulator.ActiveCfg = Debug|iPhoneSimulator
		{B55C5577-4EEA-4234-9280-47B38B4232E6}.Debug|iPhoneSimulator.Build.0 = Debug|iPhoneSimulator
		{B55C5577-4EEA-4234-9280-47B38B4232E6}.Debug|iPhoneSimulator.Deploy.0 = Debug|iPhoneSimulator
		{B55C5577-4EEA-4234-9280-47B38B4232E6}.Release|Any CPU.ActiveCfg = Release|iPhone
		{B55C5577-4EEA-4234-9280-47B38B4232E6}.Release|Any CPU.Build.0 = Release|iPhone
		{B55C5577-4EEA-4234-9280-47B38B4232E6}.Release|Any CPU.Deploy.0 = Release|iPhone
		{B55C5577-4EEA-4234-9280-47B38B4232E6}.Release|iPhone.ActiveCfg = Release|iPhone
		{B55C5577-4EEA-4234-9280-47B38B4232E6}.Release|iPhone.Build.0 = Release|iPhone
		{B55C5577-4EEA-4234-9280-47B38B4232E6}.Release|iPhone.Deploy.0 = Release|iPhone
		{B55C5577-4EEA-4234-9280-47B38B4232E6}.Release|iPhoneSimulator.ActiveCfg = Release|iPhoneSimulator
		{B55C5577-4EEA-4234-9280-47B38B4232E6}.Release|iPhoneSimulator.Build.0 = Release|iPhoneSimulator
		{B55C5577-4EEA-4234-9280-47B38B4232E6}.Release|iPhoneSimulator.Deploy.0 = Release|iPhoneSimulator
		{5901FF68-E910-41AA-843E-318252E299B8}.Ad-Hoc|Any CPU.ActiveCfg = Debug|Any CPU
		{5901FF68-E910-41AA-843E-318252E299B8}.Ad-Hoc|Any CPU.Build.0 = Debug|Any CPU
		{5901FF68-E910-41AA-843E-318252E299B8}.Ad-Hoc|Any CPU.Deploy.0 = Debug|Any CPU
		{5901FF68-E910-41AA-843E-318252E299B8}.Ad-Hoc|iPhone.ActiveCfg = Debug|Any CPU
		{5901FF68-E910-41AA-843E-318252E299B8}.Ad-Hoc|iPhone.Build.0 = Debug|Any CPU
		{5901FF68-E910-41AA-843E-318252E299B8}.Ad-Hoc|iPhone.Deploy.0 = Debug|Any CPU
		{5901FF68-E910-41AA-843E-318252E299B8}.Ad-Hoc|iPhoneSimulator.ActiveCfg = Debug|Any CPU
		{5901FF68-E910-41AA-843E-318252E299B8}.Ad-Hoc|iPhoneSimulator.Build.0 = Debug|Any CPU
		{5901FF68-E910-41AA-843E-318252E299B8}.Ad-Hoc|iPhoneSimulator.Deploy.0 = Debug|Any CPU
		{5901FF68-E910-41AA-843E-318252E299B8}.AppStore|Any CPU.ActiveCfg = Debug|Any CPU
		{5901FF68-E910-41AA-843E-318252E299B8}.AppStore|Any CPU.Build.0 = Debug|Any CPU
		{5901FF68-E910-41AA-843E-318252E299B8}.AppStore|Any CPU.Deploy.0 = Debug|Any CPU
		{5901FF68-E910-41AA-843E-318252E299B8}.AppStore|iPhone.ActiveCfg = Debug|Any CPU
		{5901FF68-E910-41AA-843E-318252E299B8}.AppStore|iPhone.Build.0 = Debug|Any CPU
		{5901FF68-E910-41AA-843E-318252E299B8}.AppStore|iPhone.Deploy.0 = Debug|Any CPU
		{5901FF68-E910-41AA-843E-318252E299B8}.AppStore|iPhoneSimulator.ActiveCfg = Debug|Any CPU
		{5901FF68-E910-41AA-843E-318252E299B8}.AppStore|iPhoneSimulator.Build.0 = Debug|Any CPU
		{5901FF68-E910-41AA-843E-318252E299B8}.AppStore|iPhoneSimulator.Deploy.0 = Debug|Any CPU
		{5901FF68-E910-41AA-843E-318252E299B8}.Debug|Any CPU.ActiveCfg = Debug|Any CPU
		{5901FF68-E910-41AA-843E-318252E299B8}.Debug|Any CPU.Build.0 = Debug|Any CPU
		{5901FF68-E910-41AA-843E-318252E299B8}.Debug|Any CPU.Deploy.0 = Debug|Any CPU
		{5901FF68-E910-41AA-843E-318252E299B8}.Debug|iPhone.ActiveCfg = Debug|Any CPU
		{5901FF68-E910-41AA-843E-318252E299B8}.Debug|iPhone.Build.0 = Debug|Any CPU
		{5901FF68-E910-41AA-843E-318252E299B8}.Debug|iPhone.Deploy.0 = Debug|Any CPU
		{5901FF68-E910-41AA-843E-318252E299B8}.Debug|iPhoneSimulator.ActiveCfg = Debug|Any CPU
		{5901FF68-E910-41AA-843E-318252E299B8}.Debug|iPhoneSimulator.Build.0 = Debug|Any CPU
		{5901FF68-E910-41AA-843E-318252E299B8}.Debug|iPhoneSimulator.Deploy.0 = Debug|Any CPU
		{5901FF68-E910-41AA-843E-318252E299B8}.Release|Any CPU.ActiveCfg = Release|Any CPU
		{5901FF68-E910-41AA-843E-318252E299B8}.Release|Any CPU.Build.0 = Release|Any CPU
		{5901FF68-E910-41AA-843E-318252E299B8}.Release|Any CPU.Deploy.0 = Release|Any CPU
		{5901FF68-E910-41AA-843E-318252E299B8}.Release|iPhone.ActiveCfg = Release|Any CPU
		{5901FF68-E910-41AA-843E-318252E299B8}.Release|iPhone.Build.0 = Release|Any CPU
		{5901FF68-E910-41AA-843E-318252E299B8}.Release|iPhone.Deploy.0 = Release|Any CPU
		{5901FF68-E910-41AA-843E-318252E299B8}.Release|iPhoneSimulator.ActiveCfg = Release|Any CPU
		{5901FF68-E910-41AA-843E-318252E299B8}.Release|iPhoneSimulator.Build.0 = Release|Any CPU
		{5901FF68-E910-41AA-843E-318252E299B8}.Release|iPhoneSimulator.Deploy.0 = Release|Any CPU
	EndGlobalSection
	GlobalSection(SolutionProperties) = preSolution
		HideSolutionNode = FALSE
	EndGlobalSection
	GlobalSection(ExtensibilityGlobals) = postSolution
		SolutionGuid = {F8CE71AD-BA20-4A4A-A1F1-3B2A4331F326}
	EndGlobalSection
EndGlobal
